
Microsoft Visual Studio Solution File, Format Version 12.00
# Visual Studio Version 17
VisualStudioVersion = 17.8.34511.84
MinimumVisualStudioVersion = 10.0.40219.1
Project("{8BC9CEB8-8B4A-11D0-8D11-00A0C91BC942}") = "Project_dz3.7", "Project_dz3.7.vcxproj", "{68600E73-D925-4D31-962F-6BDBDE2B4A9D}"
EndProject
Global
	GlobalSection(SolutionConfigurationPlatforms) = preSolution
		Debug|x64 = Debug|x64
		Debug|x86 = Debug|x86
		Release|x64 = Release|x64
		Release|x86 = Release|x86
	EndGlobalSection
	GlobalSection(ProjectConfigurationPlatforms) = postSolution
		{68600E73-D925-4D31-962F-6BDBDE2B4A9D}.Debug|x64.ActiveCfg = Debug|x64
		{68600E73-D925-4D31-962F-6BDBDE2B4A9D}.Debug|x64.Build.0 = Debug|x64
		{68600E73-D925-4D31-962F-6BDBDE2B4A9D}.Debug|x86.ActiveCfg = Debug|Win32
		{68600E73-D925-4D31-962F-6BDBDE2B4A9D}.Debug|x86.Build.0 = Debug|Win32
		{68600E73-D925-4D31-962F-6BDBDE2B4A9D}.Release|x64.ActiveCfg = Release|x64
		{68600E73-D925-4D31-962F-6BDBDE2B4A9D}.Release|x64.Build.0 = Release|x64
		{68600E73-D925-4D31-962F-6BDBDE2B4A9D}.Release|x86.ActiveCfg = Release|Win32
		{68600E73-D925-4D31-962F-6BDBDE2B4A9D}.Release|x86.Build.0 = Release|Win32
	EndGlobalSection
	GlobalSection(SolutionProperties) = preSolution
		HideSolutionNode = FALSE
	EndGlobalSection
	GlobalSection(ExtensibilityGlobals) = postSolution
		SolutionGuid = {01D021C5-1EAB-4DB5-A399-9F1F4E76F9F4}
	EndGlobalSection
EndGlobal
